
Microsoft Visual Studio Solution File, Format Version 12.00
Project("{2150E333-8FDC-42A3-9474-1A3956D46DE8}") = "Server", "Server", "{54430C62-3655-4DD0-8EDE-4FBB46815E21}"
EndProject
Project("{FAE04EC0-301F-11D3-BF4B-00C04F79EFBC}") = "Entities", "Server\Entities\Entities.csproj", "{49E45D96-E295-4A59-841C-28AB4E687CA9}"
EndProject
Project("{FAE04EC0-301F-11D3-BF4B-00C04F79EFBC}") = "RepositoryContracts", "Server\RepositoryContracts\RepositoryContracts.csproj", "{8EB33442-E107-4258-879D-B539C4DBC715}"
EndProject
Project("{FAE04EC0-301F-11D3-BF4B-00C04F79EFBC}") = "InMemoryRepositories", "Server\InMemoryRepositories\InMemoryRepositories.csproj", "{700F7063-BE7B-4D83-9B22-D52F22B7D73F}"
EndProject
Project("{FAE04EC0-301F-11D3-BF4B-00C04F79EFBC}") = "CLI", "Server\CLI\CLI.csproj", "{AAC7D613-D2E1-4A0A-9214-2DF1A7B122F9}"
EndProject
Project("{FAE04EC0-301F-11D3-BF4B-00C04F79EFBC}") = "FileRepositories", "Server\FileRepositories\FileRepositories.csproj", "{A287D603-172F-4538-995A-55479515B188}"
EndProject
Project("{2150E333-8FDC-42A3-9474-1A3956D46DE8}") = "Shared", "Shared", "{3007690F-575A-4D7A-A445-49E7D36DD88B}"
EndProject
Project("{FAE04EC0-301F-11D3-BF4B-00C04F79EFBC}") = "DTOContracts", "DTOContracts\DTOContracts.csproj", "{FA162A4A-3384-4001-984A-B1F73D3B47EF}"
EndProject
Global
	GlobalSection(SolutionConfigurationPlatforms) = preSolution
		Debug|Any CPU = Debug|Any CPU
		Release|Any CPU = Release|Any CPU
	EndGlobalSection
	GlobalSection(NestedProjects) = preSolution
		{49E45D96-E295-4A59-841C-28AB4E687CA9} = {54430C62-3655-4DD0-8EDE-4FBB46815E21}
		{8EB33442-E107-4258-879D-B539C4DBC715} = {54430C62-3655-4DD0-8EDE-4FBB46815E21}
		{700F7063-BE7B-4D83-9B22-D52F22B7D73F} = {54430C62-3655-4DD0-8EDE-4FBB46815E21}
		{AAC7D613-D2E1-4A0A-9214-2DF1A7B122F9} = {54430C62-3655-4DD0-8EDE-4FBB46815E21}
		{A287D603-172F-4538-995A-55479515B188} = {54430C62-3655-4DD0-8EDE-4FBB46815E21}
		{FA162A4A-3384-4001-984A-B1F73D3B47EF} = {3007690F-575A-4D7A-A445-49E7D36DD88B}
	EndGlobalSection
	GlobalSection(ProjectConfigurationPlatforms) = postSolution
		{49E45D96-E295-4A59-841C-28AB4E687CA9}.Debug|Any CPU.ActiveCfg = Debug|Any CPU
		{49E45D96-E295-4A59-841C-28AB4E687CA9}.Debug|Any CPU.Build.0 = Debug|Any CPU
		{49E45D96-E295-4A59-841C-28AB4E687CA9}.Release|Any CPU.ActiveCfg = Release|Any CPU
		{49E45D96-E295-4A59-841C-28AB4E687CA9}.Release|Any CPU.Build.0 = Release|Any CPU
		{8EB33442-E107-4258-879D-B539C4DBC715}.Debug|Any CPU.ActiveCfg = Debug|Any CPU
		{8EB33442-E107-4258-879D-B539C4DBC715}.Debug|Any CPU.Build.0 = Debug|Any CPU
		{8EB33442-E107-4258-879D-B539C4DBC715}.Release|Any CPU.ActiveCfg = Release|Any CPU
		{8EB33442-E107-4258-879D-B539C4DBC715}.Release|Any CPU.Build.0 = Release|Any CPU
		{700F7063-BE7B-4D83-9B22-D52F22B7D73F}.Debug|Any CPU.ActiveCfg = Debug|Any CPU
		{700F7063-BE7B-4D83-9B22-D52F22B7D73F}.Debug|Any CPU.Build.0 = Debug|Any CPU
		{700F7063-BE7B-4D83-9B22-D52F22B7D73F}.Release|Any CPU.ActiveCfg = Release|Any CPU
		{700F7063-BE7B-4D83-9B22-D52F22B7D73F}.Release|Any CPU.Build.0 = Release|Any CPU
		{AAC7D613-D2E1-4A0A-9214-2DF1A7B122F9}.Debug|Any CPU.ActiveCfg = Debug|Any CPU
		{AAC7D613-D2E1-4A0A-9214-2DF1A7B122F9}.Debug|Any CPU.Build.0 = Debug|Any CPU
		{AAC7D613-D2E1-4A0A-9214-2DF1A7B122F9}.Release|Any CPU.ActiveCfg = Release|Any CPU
		{AAC7D613-D2E1-4A0A-9214-2DF1A7B122F9}.Release|Any CPU.Build.0 = Release|Any CPU
		{A287D603-172F-4538-995A-55479515B188}.Debug|Any CPU.ActiveCfg = Debug|Any CPU
		{A287D603-172F-4538-995A-55479515B188}.Debug|Any CPU.Build.0 = Debug|Any CPU
		{A287D603-172F-4538-995A-55479515B188}.Release|Any CPU.ActiveCfg = Release|Any CPU
		{A287D603-172F-4538-995A-55479515B188}.Release|Any CPU.Build.0 = Release|Any CPU
		{FA162A4A-3384-4001-984A-B1F73D3B47EF}.Debug|Any CPU.ActiveCfg = Debug|Any CPU
		{FA162A4A-3384-4001-984A-B1F73D3B47EF}.Debug|Any CPU.Build.0 = Debug|Any CPU
		{FA162A4A-3384-4001-984A-B1F73D3B47EF}.Release|Any CPU.ActiveCfg = Release|Any CPU
		{FA162A4A-3384-4001-984A-B1F73D3B47EF}.Release|Any CPU.Build.0 = Release|Any CPU
	EndGlobalSection
EndGlobal
